
Microsoft Visual Studio Solution File, Format Version 12.00
# Visual Studio 15
VisualStudioVersion = 15.0.28307.421
MinimumVisualStudioVersion = 10.0.40219.1
Project("{FAE04EC0-301F-11D3-BF4B-00C04F79EFBC}") = "EmployeeCardAddIn", "EmployeeCardAddIn\EmployeeCardAddIn.csproj", "{311199EA-1AD6-43BE-9EA2-C4FAD7CBA7EA}"
EndProject
Project("{9092AA53-FB77-4645-B42D-1CCCA6BD08BD}") = "FabricReactComponent", "FabricReactComponent\FabricReactComponent.njsproj", "{9086AB7F-25D1-4B28-96AD-F5DF6A87FDF9}"
EndProject
Global
	GlobalSection(SolutionConfigurationPlatforms) = preSolution
		Debug|Any CPU = Debug|Any CPU
		Release|Any CPU = Release|Any CPU
	EndGlobalSection
	GlobalSection(ProjectConfigurationPlatforms) = postSolution
		{311199EA-1AD6-43BE-9EA2-C4FAD7CBA7EA}.Debug|Any CPU.ActiveCfg = Debug|Any CPU
		{311199EA-1AD6-43BE-9EA2-C4FAD7CBA7EA}.Debug|Any CPU.Build.0 = Debug|Any CPU
		{311199EA-1AD6-43BE-9EA2-C4FAD7CBA7EA}.Debug|Any CPU.Deploy.0 = Debug|Any CPU
		{311199EA-1AD6-43BE-9EA2-C4FAD7CBA7EA}.Release|Any CPU.ActiveCfg = Release|Any CPU
		{311199EA-1AD6-43BE-9EA2-C4FAD7CBA7EA}.Release|Any CPU.Build.0 = Release|Any CPU
		{311199EA-1AD6-43BE-9EA2-C4FAD7CBA7EA}.Release|Any CPU.Deploy.0 = Release|Any CPU
		{9086AB7F-25D1-4B28-96AD-F5DF6A87FDF9}.Debug|Any CPU.ActiveCfg = Debug|Any CPU
		{9086AB7F-25D1-4B28-96AD-F5DF6A87FDF9}.Debug|Any CPU.Build.0 = Debug|Any CPU
		{9086AB7F-25D1-4B28-96AD-F5DF6A87FDF9}.Release|Any CPU.ActiveCfg = Release|Any CPU
		{9086AB7F-25D1-4B28-96AD-F5DF6A87FDF9}.Release|Any CPU.Build.0 = Release|Any CPU
	EndGlobalSection
	GlobalSection(SolutionProperties) = preSolution
		HideSolutionNode = FALSE
	EndGlobalSection
	GlobalSection(ExtensibilityGlobals) = postSolution
		SolutionGuid = {DBB78E65-7FD6-411F-89C1-22273E76C464}
	EndGlobalSection
EndGlobal
